// !$*UTF8*$!
{
	archiveVersion = 1;
	classes = {
	};
	objectVersion = 56;
	objects = {

/* Begin PBXBuildFile section */
		568E8C8A28E0CB1E002F35A0 /* NebulaBarApp.swift in Sources */ = {isa = PBXBuildFile; fileRef = 568E8C8928E0CB1E002F35A0 /* NebulaBarApp.swift */; };
		568E8C8C28E0CB1E002F35A0 /* ContentView.swift in Sources */ = {isa = PBXBuildFile; fileRef = 568E8C8B28E0CB1E002F35A0 /* ContentView.swift */; };
		568E8C8E28E0CB1F002F35A0 /* Assets.xcassets in Resources */ = {isa = PBXBuildFile; fileRef = 568E8C8D28E0CB1F002F35A0 /* Assets.xcassets */; };
		568E8C9128E0CB1F002F35A0 /* Preview Assets.xcassets in Resources */ = {isa = PBXBuildFile; fileRef = 568E8C9028E0CB1F002F35A0 /* Preview Assets.xcassets */; };
		568E8C9C28E0CB1F002F35A0 /* NebulaBarTests.swift in Sources */ = {isa = PBXBuildFile; fileRef = 568E8C9B28E0CB1F002F35A0 /* NebulaBarTests.swift */; };
		568E8CA628E0CB1F002F35A0 /* NebulaBarUITests.swift in Sources */ = {isa = PBXBuildFile; fileRef = 568E8CA528E0CB1F002F35A0 /* NebulaBarUITests.swift */; };
		568E8CA828E0CB1F002F35A0 /* NebulaBarUITestsLaunchTests.swift in Sources */ = {isa = PBXBuildFile; fileRef = 568E8CA728E0CB1F002F35A0 /* NebulaBarUITestsLaunchTests.swift */; };
/* End PBXBuildFile section */

/* Begin PBXContainerItemProxy section */
		568E8C9828E0CB1F002F35A0 /* PBXContainerItemProxy */ = {
			isa = PBXContainerItemProxy;
			containerPortal = 568E8C7E28E0CB1E002F35A0 /* Project object */;
			proxyType = 1;
			remoteGlobalIDString = 568E8C8528E0CB1E002F35A0;
			remoteInfo = NebulaBar;
		};
		568E8CA228E0CB1F002F35A0 /* PBXContainerItemProxy */ = {
			isa = PBXContainerItemProxy;
			containerPortal = 568E8C7E28E0CB1E002F35A0 /* Project object */;
			proxyType = 1;
			remoteGlobalIDString = 568E8C8528E0CB1E002F35A0;
			remoteInfo = NebulaBar;
		};
/* End PBXContainerItemProxy section */

/* Begin PBXFileReference section */
		568E8C8628E0CB1E002F35A0 /* NebulaBar.app */ = {isa = PBXFileReference; explicitFileType = wrapper.application; includeInIndex = 0; path = NebulaBar.app; sourceTree = BUILT_PRODUCTS_DIR; };
		568E8C8928E0CB1E002F35A0 /* NebulaBarApp.swift */ = {isa = PBXFileReference; lastKnownFileType = sourcecode.swift; path = NebulaBarApp.swift; sourceTree = "<group>"; };
		568E8C8B28E0CB1E002F35A0 /* ContentView.swift */ = {isa = PBXFileReference; lastKnownFileType = sourcecode.swift; path = ContentView.swift; sourceTree = "<group>"; };
		568E8C8D28E0CB1F002F35A0 /* Assets.xcassets */ = {isa = PBXFileReference; lastKnownFileType = folder.assetcatalog; path = Assets.xcassets; sourceTree = "<group>"; };
		568E8C9028E0CB1F002F35A0 /* Preview Assets.xcassets */ = {isa = PBXFileReference; lastKnownFileType = folder.assetcatalog; path = "Preview Assets.xcassets"; sourceTree = "<group>"; };
		568E8C9228E0CB1F002F35A0 /* NebulaBar.entitlements */ = {isa = PBXFileReference; lastKnownFileType = text.plist.entitlements; path = NebulaBar.entitlements; sourceTree = "<group>"; };
		568E8C9728E0CB1F002F35A0 /* NebulaBarTests.xctest */ = {isa = PBXFileReference; explicitFileType = wrapper.cfbundle; includeInIndex = 0; path = NebulaBarTests.xctest; sourceTree = BUILT_PRODUCTS_DIR; };
		568E8C9B28E0CB1F002F35A0 /* NebulaBarTests.swift */ = {isa = PBXFileReference; lastKnownFileType = sourcecode.swift; path = NebulaBarTests.swift; sourceTree = "<group>"; };
		568E8CA128E0CB1F002F35A0 /* NebulaBarUITests.xctest */ = {isa = PBXFileReference; explicitFileType = wrapper.cfbundle; includeInIndex = 0; path = NebulaBarUITests.xctest; sourceTree = BUILT_PRODUCTS_DIR; };
		568E8CA528E0CB1F002F35A0 /* NebulaBarUITests.swift */ = {isa = PBXFileReference; lastKnownFileType = sourcecode.swift; path = NebulaBarUITests.swift; sourceTree = "<group>"; };
		568E8CA728E0CB1F002F35A0 /* NebulaBarUITestsLaunchTests.swift */ = {isa = PBXFileReference; lastKnownFileType = sourcecode.swift; path = NebulaBarUITestsLaunchTests.swift; sourceTree = "<group>"; };
/* End PBXFileReference section */

/* Begin PBXFrameworksBuildPhase section */
		568E8C8328E0CB1E002F35A0 /* Frameworks */ = {
			isa = PBXFrameworksBuildPhase;
			buildActionMask = 2147483647;
			files = (
			);
			runOnlyForDeploymentPostprocessing = 0;
		};
		568E8C9428E0CB1F002F35A0 /* Frameworks */ = {
			isa = PBXFrameworksBuildPhase;
			buildActionMask = 2147483647;
			files = (
			);
			runOnlyForDeploymentPostprocessing = 0;
		};
		568E8C9E28E0CB1F002F35A0 /* Frameworks */ = {
			isa = PBXFrameworksBuildPhase;
			buildActionMask = 2147483647;
			files = (
			);
			runOnlyForDeploymentPostprocessing = 0;
		};
/* End PBXFrameworksBuildPhase section */

/* Begin PBXGroup section */
		568E8C7D28E0CB1E002F35A0 = {
			isa = PBXGroup;
			children = (
				568E8C8828E0CB1E002F35A0 /* NebulaBar */,
				568E8C9A28E0CB1F002F35A0 /* NebulaBarTests */,
				568E8CA428E0CB1F002F35A0 /* NebulaBarUITests */,
				568E8C8728E0CB1E002F35A0 /* Products */,
			);
			sourceTree = "<group>";
		};
		568E8C8728E0CB1E002F35A0 /* Products */ = {
			isa = PBXGroup;
			children = (
				568E8C8628E0CB1E002F35A0 /* NebulaBar.app */,
				568E8C9728E0CB1F002F35A0 /* NebulaBarTests.xctest */,
				568E8CA128E0CB1F002F35A0 /* NebulaBarUITests.xctest */,
			);
			name = Products;
			sourceTree = "<group>";
		};
		568E8C8828E0CB1E002F35A0 /* NebulaBar */ = {
			isa = PBXGroup;
			children = (
				568E8C8928E0CB1E002F35A0 /* NebulaBarApp.swift */,
				568E8C8B28E0CB1E002F35A0 /* ContentView.swift */,
				568E8C8D28E0CB1F002F35A0 /* Assets.xcassets */,
				568E8C9228E0CB1F002F35A0 /* NebulaBar.entitlements */,
				568E8C8F28E0CB1F002F35A0 /* Preview Content */,
			);
			path = NebulaBar;
			sourceTree = "<group>";
		};
		568E8C8F28E0CB1F002F35A0 /* Preview Content */ = {
			isa = PBXGroup;
			children = (
				568E8C9028E0CB1F002F35A0 /* Preview Assets.xcassets */,
			);
			path = "Preview Content";
			sourceTree = "<group>";
		};
		568E8C9A28E0CB1F002F35A0 /* NebulaBarTests */ = {
			isa = PBXGroup;
			children = (
				568E8C9B28E0CB1F002F35A0 /* NebulaBarTests.swift */,
			);
			path = NebulaBarTests;
			sourceTree = "<group>";
		};
		568E8CA428E0CB1F002F35A0 /* NebulaBarUITests */ = {
			isa = PBXGroup;
			children = (
				568E8CA528E0CB1F002F35A0 /* NebulaBarUITests.swift */,
				568E8CA728E0CB1F002F35A0 /* NebulaBarUITestsLaunchTests.swift */,
			);
			path = NebulaBarUITests;
			sourceTree = "<group>";
		};
/* End PBXGroup section */

/* Begin PBXNativeTarget section */
		568E8C8528E0CB1E002F35A0 /* NebulaBar */ = {
			isa = PBXNativeTarget;
			buildConfigurationList = 568E8CAB28E0CB1F002F35A0 /* Build configuration list for PBXNativeTarget "NebulaBar" */;
			buildPhases = (
				568E8C8228E0CB1E002F35A0 /* Sources */,
				568E8C8328E0CB1E002F35A0 /* Frameworks */,
				568E8C8428E0CB1E002F35A0 /* Resources */,
			);
			buildRules = (
			);
			dependencies = (
			);
			name = NebulaBar;
			productName = NebulaBar;
			productReference = 568E8C8628E0CB1E002F35A0 /* NebulaBar.app */;
			productType = "com.apple.product-type.application";
		};
		568E8C9628E0CB1F002F35A0 /* NebulaBarTests */ = {
			isa = PBXNativeTarget;
			buildConfigurationList = 568E8CAE28E0CB1F002F35A0 /* Build configuration list for PBXNativeTarget "NebulaBarTests" */;
			buildPhases = (
				568E8C9328E0CB1F002F35A0 /* Sources */,
				568E8C9428E0CB1F002F35A0 /* Frameworks */,
				568E8C9528E0CB1F002F35A0 /* Resources */,
			);
			buildRules = (
			);
			dependencies = (
				568E8C9928E0CB1F002F35A0 /* PBXTargetDependency */,
			);
			name = NebulaBarTests;
			productName = NebulaBarTests;
			productReference = 568E8C9728E0CB1F002F35A0 /* NebulaBarTests.xctest */;
			productType = "com.apple.product-type.bundle.unit-test";
		};
		568E8CA028E0CB1F002F35A0 /* NebulaBarUITests */ = {
			isa = PBXNativeTarget;
			buildConfigurationList = 568E8CB128E0CB1F002F35A0 /* Build configuration list for PBXNativeTarget "NebulaBarUITests" */;
			buildPhases = (
				568E8C9D28E0CB1F002F35A0 /* Sources */,
				568E8C9E28E0CB1F002F35A0 /* Frameworks */,
				568E8C9F28E0CB1F002F35A0 /* Resources */,
			);
			buildRules = (
			);
			dependencies = (
				568E8CA328E0CB1F002F35A0 /* PBXTargetDependency */,
			);
			name = NebulaBarUITests;
			productName = NebulaBarUITests;
			productReference = 568E8CA128E0CB1F002F35A0 /* NebulaBarUITests.xctest */;
			productType = "com.apple.product-type.bundle.ui-testing";
		};
/* End PBXNativeTarget section */

/* Begin PBXProject section */
		568E8C7E28E0CB1E002F35A0 /* Project object */ = {
			isa = PBXProject;
			attributes = {
				BuildIndependentTargetsInParallel = 1;
				LastSwiftUpdateCheck = 1400;
				LastUpgradeCheck = 1400;
				TargetAttributes = {
					568E8C8528E0CB1E002F35A0 = {
						CreatedOnToolsVersion = 14.0;
					};
					568E8C9628E0CB1F002F35A0 = {
						CreatedOnToolsVersion = 14.0;
						TestTargetID = 568E8C8528E0CB1E002F35A0;
					};
					568E8CA028E0CB1F002F35A0 = {
						CreatedOnToolsVersion = 14.0;
						TestTargetID = 568E8C8528E0CB1E002F35A0;
					};
				};
			};
			buildConfigurationList = 568E8C8128E0CB1E002F35A0 /* Build configuration list for PBXProject "NebulaBar" */;
			compatibilityVersion = "Xcode 14.0";
			developmentRegion = en;
			hasScannedForEncodings = 0;
			knownRegions = (
				en,
				Base,
			);
			mainGroup = 568E8C7D28E0CB1E002F35A0;
			productRefGroup = 568E8C8728E0CB1E002F35A0 /* Products */;
			projectDirPath = "";
			projectRoot = "";
			targets = (
				568E8C8528E0CB1E002F35A0 /* NebulaBar */,
				568E8C9628E0CB1F002F35A0 /* NebulaBarTests */,
				568E8CA028E0CB1F002F35A0 /* NebulaBarUITests */,
			);
		};
/* End PBXProject section */

/* Begin PBXResourcesBuildPhase section */
		568E8C8428E0CB1E002F35A0 /* Resources */ = {
			isa = PBXResourcesBuildPhase;
			buildActionMask = 2147483647;
			files = (
				568E8C9128E0CB1F002F35A0 /* Preview Assets.xcassets in Resources */,
				568E8C8E28E0CB1F002F35A0 /* Assets.xcassets in Resources */,
			);
			runOnlyForDeploymentPostprocessing = 0;
		};
		568E8C9528E0CB1F002F35A0 /* Resources */ = {
			isa = PBXResourcesBuildPhase;
			buildActionMask = 2147483647;
			files = (
			);
			runOnlyForDeploymentPostprocessing = 0;
		};
		568E8C9F28E0CB1F002F35A0 /* Resources */ = {
			isa = PBXResourcesBuildPhase;
			buildActionMask = 2147483647;
			files = (
			);
			runOnlyForDeploymentPostprocessing = 0;
		};
/* End PBXResourcesBuildPhase section */

/* Begin PBXSourcesBuildPhase section */
		568E8C8228E0CB1E002F35A0 /* Sources */ = {
			isa = PBXSourcesBuildPhase;
			buildActionMask = 2147483647;
			files = (
				568E8C8C28E0CB1E002F35A0 /* ContentView.swift in Sources */,
				568E8C8A28E0CB1E002F35A0 /* NebulaBarApp.swift in Sources */,
			);
			runOnlyForDeploymentPostprocessing = 0;
		};
		568E8C9328E0CB1F002F35A0 /* Sources */ = {
			isa = PBXSourcesBuildPhase;
			buildActionMask = 2147483647;
			files = (
				568E8C9C28E0CB1F002F35A0 /* NebulaBarTests.swift in Sources */,
			);
			runOnlyForDeploymentPostprocessing = 0;
		};
		568E8C9D28E0CB1F002F35A0 /* Sources */ = {
			isa = PBXSourcesBuildPhase;
			buildActionMask = 2147483647;
			files = (
				568E8CA628E0CB1F002F35A0 /* NebulaBarUITests.swift in Sources */,
				568E8CA828E0CB1F002F35A0 /* NebulaBarUITestsLaunchTests.swift in Sources */,
			);
			runOnlyForDeploymentPostprocessing = 0;
		};
/* End PBXSourcesBuildPhase section */

/* Begin PBXTargetDependency section */
		568E8C9928E0CB1F002F35A0 /* PBXTargetDependency */ = {
			isa = PBXTargetDependency;
			target = 568E8C8528E0CB1E002F35A0 /* NebulaBar */;
			targetProxy = 568E8C9828E0CB1F002F35A0 /* PBXContainerItemProxy */;
		};
		568E8CA328E0CB1F002F35A0 /* PBXTargetDependency */ = {
			isa = PBXTargetDependency;
			target = 568E8C8528E0CB1E002F35A0 /* NebulaBar */;
			targetProxy = 568E8CA228E0CB1F002F35A0 /* PBXContainerItemProxy */;
		};
/* End PBXTargetDependency section */

/* Begin XCBuildConfiguration section */
		568E8CA928E0CB1F002F35A0 /* Debug */ = {
			isa = XCBuildConfiguration;
			buildSettings = {
				ALWAYS_SEARCH_USER_PATHS = NO;
				CLANG_ANALYZER_NONNULL = YES;
				CLANG_ANALYZER_NUMBER_OBJECT_CONVERSION = YES_AGGRESSIVE;
				CLANG_CXX_LANGUAGE_STANDARD = "gnu++20";
				CLANG_ENABLE_MODULES = YES;
				CLANG_ENABLE_OBJC_ARC = YES;
				CLANG_ENABLE_OBJC_WEAK = YES;
				CLANG_WARN_BLOCK_CAPTURE_AUTORELEASING = YES;
				CLANG_WARN_BOOL_CONVERSION = YES;
				CLANG_WARN_COMMA = YES;
				CLANG_WARN_CONSTANT_CONVERSION = YES;
				CLANG_WARN_DEPRECATED_OBJC_IMPLEMENTATIONS = YES;
				CLANG_WARN_DIRECT_OBJC_ISA_USAGE = YES_ERROR;
				CLANG_WARN_DOCUMENTATION_COMMENTS = YES;
				CLANG_WARN_EMPTY_BODY = YES;
				CLANG_WARN_ENUM_CONVERSION = YES;
				CLANG_WARN_INFINITE_RECURSION = YES;
				CLANG_WARN_INT_CONVERSION = YES;
				CLANG_WARN_NON_LITERAL_NULL_CONVERSION = YES;
				CLANG_WARN_OBJC_IMPLICIT_RETAIN_SELF = YES;
				CLANG_WARN_OBJC_LITERAL_CONVERSION = YES;
				CLANG_WARN_OBJC_ROOT_CLASS = YES_ERROR;
				CLANG_WARN_QUOTED_INCLUDE_IN_FRAMEWORK_HEADER = YES;
				CLANG_WARN_RANGE_LOOP_ANALYSIS = YES;
				CLANG_WARN_STRICT_PROTOTYPES = YES;
				CLANG_WARN_SUSPICIOUS_MOVE = YES;
				CLANG_WARN_UNGUARDED_AVAILABILITY = YES_AGGRESSIVE;
				CLANG_WARN_UNREACHABLE_CODE = YES;
				CLANG_WARN__DUPLICATE_METHOD_MATCH = YES;
				COPY_PHASE_STRIP = NO;
				DEBUG_INFORMATION_FORMAT = dwarf;
				ENABLE_STRICT_OBJC_MSGSEND = YES;
				ENABLE_TESTABILITY = YES;
				GCC_C_LANGUAGE_STANDARD = gnu11;
				GCC_DYNAMIC_NO_PIC = NO;
				GCC_NO_COMMON_BLOCKS = YES;
				GCC_OPTIMIZATION_LEVEL = 0;
				GCC_PREPROCESSOR_DEFINITIONS = (
					"DEBUG=1",
					"$(inherited)",
				);
				GCC_WARN_64_TO_32_BIT_CONVERSION = YES;
				GCC_WARN_ABOUT_RETURN_TYPE = YES_ERROR;
				GCC_WARN_UNDECLARED_SELECTOR = YES;
				GCC_WARN_UNINITIALIZED_AUTOS = YES_AGGRESSIVE;
				GCC_WARN_UNUSED_FUNCTION = YES;
				GCC_WARN_UNUSED_VARIABLE = YES;
				MACOSX_DEPLOYMENT_TARGET = 12.3;
				MTL_ENABLE_DEBUG_INFO = INCLUDE_SOURCE;
				MTL_FAST_MATH = YES;
				ONLY_ACTIVE_ARCH = YES;
				SDKROOT = macosx;
				SWIFT_ACTIVE_COMPILATION_CONDITIONS = DEBUG;
				SWIFT_OPTIMIZATION_LEVEL = "-Onone";
			};
			name = Debug;
		};
		568E8CAA28E0CB1F002F35A0 /* Release */ = {
			isa = XCBuildConfiguration;
			buildSettings = {
				ALWAYS_SEARCH_USER_PATHS = NO;
				CLANG_ANALYZER_NONNULL = YES;
				CLANG_ANALYZER_NUMBER_OBJECT_CONVERSION = YES_AGGRESSIVE;
				CLANG_CXX_LANGUAGE_STANDARD = "gnu++20";
				CLANG_ENABLE_MODULES = YES;
				CLANG_ENABLE_OBJC_ARC = YES;
				CLANG_ENABLE_OBJC_WEAK = YES;
				CLANG_WARN_BLOCK_CAPTURE_AUTORELEASING = YES;
				CLANG_WARN_BOOL_CONVERSION = YES;
				CLANG_WARN_COMMA = YES;
				CLANG_WARN_CONSTANT_CONVERSION = YES;
				CLANG_WARN_DEPRECATED_OBJC_IMPLEMENTATIONS = YES;
				CLANG_WARN_DIRECT_OBJC_ISA_USAGE = YES_ERROR;
				CLANG_WARN_DOCUMENTATION_COMMENTS = YES;
				CLANG_WARN_EMPTY_BODY = YES;
				CLANG_WARN_ENUM_CONVERSION = YES;
				CLANG_WARN_INFINITE_RECURSION = YES;
				CLANG_WARN_INT_CONVERSION = YES;
				CLANG_WARN_NON_LITERAL_NULL_CONVERSION = YES;
				CLANG_WARN_OBJC_IMPLICIT_RETAIN_SELF = YES;
				CLANG_WARN_OBJC_LITERAL_CONVERSION = YES;
				CLANG_WARN_OBJC_ROOT_CLASS = YES_ERROR;
				CLANG_WARN_QUOTED_INCLUDE_IN_FRAMEWORK_HEADER = YES;
				CLANG_WARN_RANGE_LOOP_ANALYSIS = YES;
				CLANG_WARN_STRICT_PROTOTYPES = YES;
				CLANG_WARN_SUSPICIOUS_MOVE = YES;
				CLANG_WARN_UNGUARDED_AVAILABILITY = YES_AGGRESSIVE;
				CLANG_WARN_UNREACHABLE_CODE = YES;
				CLANG_WARN__DUPLICATE_METHOD_MATCH = YES;
				COPY_PHASE_STRIP = NO;
				DEBUG_INFORMATION_FORMAT = "dwarf-with-dsym";
				ENABLE_NS_ASSERTIONS = NO;
				ENABLE_STRICT_OBJC_MSGSEND = YES;
				GCC_C_LANGUAGE_STANDARD = gnu11;
				GCC_NO_COMMON_BLOCKS = YES;
				GCC_WARN_64_TO_32_BIT_CONVERSION = YES;
				GCC_WARN_ABOUT_RETURN_TYPE = YES_ERROR;
				GCC_WARN_UNDECLARED_SELECTOR = YES;
				GCC_WARN_UNINITIALIZED_AUTOS = YES_AGGRESSIVE;
				GCC_WARN_UNUSED_FUNCTION = YES;
				GCC_WARN_UNUSED_VARIABLE = YES;
				MACOSX_DEPLOYMENT_TARGET = 12.3;
				MTL_ENABLE_DEBUG_INFO = NO;
				MTL_FAST_MATH = YES;
				SDKROOT = macosx;
				SWIFT_COMPILATION_MODE = wholemodule;
				SWIFT_OPTIMIZATION_LEVEL = "-O";
			};
			name = Release;
		};
		568E8CAC28E0CB1F002F35A0 /* Debug */ = {
			isa = XCBuildConfiguration;
			buildSettings = {
				ASSETCATALOG_COMPILER_APPICON_NAME = AppIcon;
				ASSETCATALOG_COMPILER_GLOBAL_ACCENT_COLOR_NAME = AccentColor;
				CODE_SIGN_ENTITLEMENTS = NebulaBar/NebulaBar.entitlements;
				CODE_SIGN_STYLE = Automatic;
				COMBINE_HIDPI_IMAGES = YES;
				CURRENT_PROJECT_VERSION = 1;
				DEVELOPMENT_ASSET_PATHS = "\"NebulaBar/Preview Content\"";
				ENABLE_PREVIEWS = YES;
				GENERATE_INFOPLIST_FILE = YES;
				INFOPLIST_KEY_NSHumanReadableCopyright = "";
				LD_RUNPATH_SEARCH_PATHS = (
					"$(inherited)",
					"@executable_path/../Frameworks",
				);
				MARKETING_VERSION = 1.0;
				PRODUCT_BUNDLE_IDENTIFIER = com.nothingbird.NebulaBar;
				PRODUCT_NAME = "$(TARGET_NAME)";
				SWIFT_EMIT_LOC_STRINGS = YES;
				SWIFT_VERSION = 5.0;
			};
			name = Debug;
		};
		568E8CAD28E0CB1F002F35A0 /* Release */ = {
			isa = XCBuildConfiguration;
			buildSettings = {
				ASSETCATALOG_COMPILER_APPICON_NAME = AppIcon;
				ASSETCATALOG_COMPILER_GLOBAL_ACCENT_COLOR_NAME = AccentColor;
				CODE_SIGN_ENTITLEMENTS = NebulaBar/NebulaBar.entitlements;
				CODE_SIGN_STYLE = Automatic;
				COMBINE_HIDPI_IMAGES = YES;
				CURRENT_PROJECT_VERSION = 1;
				DEVELOPMENT_ASSET_PATHS = "\"NebulaBar/Preview Content\"";
				ENABLE_PREVIEWS = YES;
				GENERATE_INFOPLIST_FILE = YES;
				INFOPLIST_KEY_NSHumanReadableCopyright = "";
				LD_RUNPATH_SEARCH_PATHS = (
					"$(inherited)",
					"@executable_path/../Frameworks",
				);
				MARKETING_VERSION = 1.0;
				PRODUCT_BUNDLE_IDENTIFIER = com.nothingbird.NebulaBar;
				PRODUCT_NAME = "$(TARGET_NAME)";
				SWIFT_EMIT_LOC_STRINGS = YES;
				SWIFT_VERSION = 5.0;
			};
			name = Release;
		};
		568E8CAF28E0CB1F002F35A0 /* Debug */ = {
			isa = XCBuildConfiguration;
			buildSettings = {
				ALWAYS_EMBED_SWIFT_STANDARD_LIBRARIES = YES;
				BUNDLE_LOADER = "$(TEST_HOST)";
				CODE_SIGN_STYLE = Automatic;
				CURRENT_PROJECT_VERSION = 1;
				GENERATE_INFOPLIST_FILE = YES;
				MACOSX_DEPLOYMENT_TARGET = 12.3;
				MARKETING_VERSION = 1.0;
				PRODUCT_BUNDLE_IDENTIFIER = com.nothingbird.NebulaBarTests;
				PRODUCT_NAME = "$(TARGET_NAME)";
				SWIFT_EMIT_LOC_STRINGS = NO;
				SWIFT_VERSION = 5.0;
				TEST_HOST = "$(BUILT_PRODUCTS_DIR)/NebulaBar.app/$(BUNDLE_EXECUTABLE_FOLDER_PATH)/NebulaBar";
			};
			name = Debug;
		};
		568E8CB028E0CB1F002F35A0 /* Release */ = {
			isa = XCBuildConfiguration;
			buildSettings = {
				ALWAYS_EMBED_SWIFT_STANDARD_LIBRARIES = YES;
				BUNDLE_LOADER = "$(TEST_HOST)";
				CODE_SIGN_STYLE = Automatic;
				CURRENT_PROJECT_VERSION = 1;
				GENERATE_INFOPLIST_FILE = YES;
				MACOSX_DEPLOYMENT_TARGET = 12.3;
				MARKETING_VERSION = 1.0;
				PRODUCT_BUNDLE_IDENTIFIER = com.nothingbird.NebulaBarTests;
				PRODUCT_NAME = "$(TARGET_NAME)";
				SWIFT_EMIT_LOC_STRINGS = NO;
				SWIFT_VERSION = 5.0;
				TEST_HOST = "$(BUILT_PRODUCTS_DIR)/NebulaBar.app/$(BUNDLE_EXECUTABLE_FOLDER_PATH)/NebulaBar";
			};
			name = Release;
		};
		568E8CB228E0CB1F002F35A0 /* Debug */ = {
			isa = XCBuildConfiguration;
			buildSettings = {
				ALWAYS_EMBED_SWIFT_STANDARD_LIBRARIES = YES;
				CODE_SIGN_STYLE = Automatic;
				CURRENT_PROJECT_VERSION = 1;
				GENERATE_INFOPLIST_FILE = YES;
				MARKETING_VERSION = 1.0;
				PRODUCT_BUNDLE_IDENTIFIER = com.nothingbird.NebulaBarUITests;
				PRODUCT_NAME = "$(TARGET_NAME)";
				SWIFT_EMIT_LOC_STRINGS = NO;
				SWIFT_VERSION = 5.0;
				TEST_TARGET_NAME = NebulaBar;
			};
			name = Debug;
		};
		568E8CB328E0CB1F002F35A0 /* Release */ = {
			isa = XCBuildConfiguration;
			buildSettings = {
				ALWAYS_EMBED_SWIFT_STANDARD_LIBRARIES = YES;
				CODE_SIGN_STYLE = Automatic;
				CURRENT_PROJECT_VERSION = 1;
				GENERATE_INFOPLIST_FILE = YES;
				MARKETING_VERSION = 1.0;
				PRODUCT_BUNDLE_IDENTIFIER = com.nothingbird.NebulaBarUITests;
				PRODUCT_NAME = "$(TARGET_NAME)";
				SWIFT_EMIT_LOC_STRINGS = NO;
				SWIFT_VERSION = 5.0;
				TEST_TARGET_NAME = NebulaBar;
			};
			name = Release;
		};
/* End XCBuildConfiguration section */

/* Begin XCConfigurationList section */
		568E8C8128E0CB1E002F35A0 /* Build configuration list for PBXProject "NebulaBar" */ = {
			isa = XCConfigurationList;
			buildConfigurations = (
				568E8CA928E0CB1F002F35A0 /* Debug */,
				568E8CAA28E0CB1F002F35A0 /* Release */,
			);
			defaultConfigurationIsVisible = 0;
			defaultConfigurationName = Release;
		};
		568E8CAB28E0CB1F002F35A0 /* Build configuration list for PBXNativeTarget "NebulaBar" */ = {
			isa = XCConfigurationList;
			buildConfigurations = (
				568E8CAC28E0CB1F002F35A0 /* Debug */,
				568E8CAD28E0CB1F002F35A0 /* Release */,
			);
			defaultConfigurationIsVisible = 0;
			defaultConfigurationName = Release;
		};
		568E8CAE28E0CB1F002F35A0 /* Build configuration list for PBXNativeTarget "NebulaBarTests" */ = {
			isa = XCConfigurationList;
			buildConfigurations = (
				568E8CAF28E0CB1F002F35A0 /* Debug */,
				568E8CB028E0CB1F002F35A0 /* Release */,
			);
			defaultConfigurationIsVisible = 0;
			defaultConfigurationName = Release;
		};
		568E8CB128E0CB1F002F35A0 /* Build configuration list for PBXNativeTarget "NebulaBarUITests" */ = {
			isa = XCConfigurationList;
			buildConfigurations = (
				568E8CB228E0CB1F002F35A0 /* Debug */,
				568E8CB328E0CB1F002F35A0 /* Release */,
			);
			defaultConfigurationIsVisible = 0;
			defaultConfigurationName = Release;
		};
/* End XCConfigurationList section */
	};
	rootObject = 568E8C7E28E0CB1E002F35A0 /* Project object */;
}
